
Microsoft Visual Studio Solution File, Format Version 12.00
# Visual Studio Version 16
VisualStudioVersion = 16.0.30128.74
MinimumVisualStudioVersion = 10.0.40219.1
Project("{FAE04EC0-301F-11D3-BF4B-00C04F79EFBC}") = "CoreApiDemo", "CoreApiDemo\CoreApiDemo.csproj", "{91209F16-2F71-4612-A700-14A7EEB88318}"
EndProject
Global
	GlobalSection(SolutionConfigurationPlatforms) = preSolution
		Debug|Any CPU = Debug|Any CPU
		Release|Any CPU = Release|Any CPU
	EndGlobalSection
	GlobalSection(ProjectConfigurationPlatforms) = postSolution
		{91209F16-2F71-4612-A700-14A7EEB88318}.Debug|Any CPU.ActiveCfg = Debug|Any CPU
		{91209F16-2F71-4612-A700-14A7EEB88318}.Debug|Any CPU.Build.0 = Debug|Any CPU
		{91209F16-2F71-4612-A700-14A7EEB88318}.Release|Any CPU.ActiveCfg = Release|Any CPU
		{91209F16-2F71-4612-A700-14A7EEB88318}.Release|Any CPU.Build.0 = Release|Any CPU
	EndGlobalSection
	GlobalSection(SolutionProperties) = preSolution
		HideSolutionNode = FALSE
	EndGlobalSection
	GlobalSection(ExtensibilityGlobals) = postSolution
		SolutionGuid = {165F8E3E-3FF2-414D-8C88-48FFFFA86438}
	EndGlobalSection
EndGlobal
